[[package]]
name = "ansi_term"
version = "0.9.0"
source = "registry+https://github.com/rust-lang/crates.io-index"

[[package]]
name = "atk-sys"
version = "0.5.0"
source = "registry+https://github.com/rust-lang/crates.io-index"
dependencies = [
 "bitflags 1.0.1 (registry+https://github.com/rust-lang/crates.io-index)",
 "glib-sys 0.5.0 (registry+https://github.com/rust-lang/crates.io-index)",
 "gobject-sys 0.5.0 (registry+https://github.com/rust-lang/crates.io-index)",
 "libc 0.2.33 (registry+https://github.com/rust-lang/crates.io-index)",
 "pkg-config 0.3.9 (registry+https://github.com/rust-lang/crates.io-index)",
]

[[package]]
name = "atty"
version = "0.2.3"
source = "registry+https://github.com/rust-lang/crates.io-index"
dependencies = [
 "kernel32-sys 0.2.2 (registry+https://github.com/rust-lang/crates.io-index)",
 "libc 0.2.33 (registry+https://github.com/rust-lang/crates.io-index)",
 "termion 1.5.1 (registry+https://github.com/rust-lang/crates.io-index)",
 "winapi 0.2.8 (registry+https://github.com/rust-lang/crates.io-index)",
]

[[package]]
name = "backtrace"
version = "0.3.5"
source = "registry+https://github.com/rust-lang/crates.io-index"
dependencies = [
 "backtrace-sys 0.1.16 (registry+https://github.com/rust-lang/crates.io-index)",
 "cfg-if 0.1.2 (registry+https://github.com/rust-lang/crates.io-index)",
 "libc 0.2.33 (registry+https://github.com/rust-lang/crates.io-index)",
 "rustc-demangle 0.1.7 (registry+https://github.com/rust-lang/crates.io-index)",
 "winapi 0.3.4 (registry+https://github.com/rust-lang/crates.io-index)",
]

[[package]]
name = "backtrace-sys"
version = "0.1.16"
source = "registry+https://github.com/rust-lang/crates.io-index"
dependencies = [
 "cc 1.0.5 (registry+https://github.com/rust-lang/crates.io-index)",
 "libc 0.2.33 (registry+https://github.com/rust-lang/crates.io-index)",
]

[[package]]
name = "bitflags"
version = "0.9.1"
source = "registry+https://github.com/rust-lang/crates.io-index"

[[package]]
name = "bitflags"
version = "1.0.1"
source = "registry+https://github.com/rust-lang/crates.io-index"

[[package]]
name = "c_vec"
version = "1.2.1"
source = "registry+https://github.com/rust-lang/crates.io-index"

[[package]]
name = "cairo-rs"
version = "0.3.0"
source = "registry+https://github.com/rust-lang/crates.io-index"
dependencies = [
 "c_vec 1.2.1 (registry+https://github.com/rust-lang/crates.io-index)",
 "cairo-sys-rs 0.5.0 (registry+https://github.com/rust-lang/crates.io-index)",
 "glib 0.4.1 (registry+https://github.com/rust-lang/crates.io-index)",
 "glib-sys 0.5.0 (registry+https://github.com/rust-lang/crates.io-index)",
 "libc 0.2.33 (registry+https://github.com/rust-lang/crates.io-index)",
 "winapi 0.2.8 (registry+https://github.com/rust-lang/crates.io-index)",
]

[[package]]
name = "cairo-sys-rs"
version = "0.5.0"
source = "registry+https://github.com/rust-lang/crates.io-index"
dependencies = [
 "libc 0.2.33 (registry+https://github.com/rust-lang/crates.io-index)",
 "pkg-config 0.3.9 (registry+https://github.com/rust-lang/crates.io-index)",
 "winapi 0.2.8 (registry+https://github.com/rust-lang/crates.io-index)",
]

[[package]]
name = "cc"
version = "1.0.5"
source = "registry+https://github.com/rust-lang/crates.io-index"

[[package]]
name = "cfg-if"
version = "0.1.2"
source = "registry+https://github.com/rust-lang/crates.io-index"

[[package]]
name = "clap"
version = "2.27.1"
source = "registry+https://github.com/rust-lang/crates.io-index"
dependencies = [
 "ansi_term 0.9.0 (registry+https://github.com/rust-lang/crates.io-index)",
 "atty 0.2.3 (registry+https://github.com/rust-lang/crates.io-index)",
 "bitflags 0.9.1 (registry+https://github.com/rust-lang/crates.io-index)",
 "strsim 0.6.0 (registry+https://github.com/rust-lang/crates.io-index)",
 "textwrap 0.9.0 (registry+https://github.com/rust-lang/crates.io-index)",
 "unicode-width 0.1.4 (registry+https://github.com/rust-lang/crates.io-index)",
 "vec_map 0.8.0 (registry+https://github.com/rust-lang/crates.io-index)",
]

[[package]]
name = "failure"
version = "0.1.1"
source = "registry+https://github.com/rust-lang/crates.io-index"
dependencies = [
 "backtrace 0.3.5 (registry+https://github.com/rust-lang/crates.io-index)",
 "failure_derive 0.1.1 (registry+https://github.com/rust-lang/crates.io-index)",
]

[[package]]
name = "failure_derive"
version = "0.1.1"
source = "registry+https://github.com/rust-lang/crates.io-index"
dependencies = [
 "quote 0.3.15 (registry+https://github.com/rust-lang/crates.io-index)",
 "syn 0.11.11 (registry+https://github.com/rust-lang/crates.io-index)",
 "synstructure 0.6.1 (registry+https://github.com/rust-lang/crates.io-index)",
]

[[package]]
name = "gdk"
version = "0.7.0"
source = "registry+https://github.com/rust-lang/crates.io-index"
dependencies = [
 "bitflags 1.0.1 (registry+https://github.com/rust-lang/crates.io-index)",
 "cairo-rs 0.3.0 (registry+https://github.com/rust-lang/crates.io-index)",
 "cairo-sys-rs 0.5.0 (registry+https://github.com/rust-lang/crates.io-index)",
 "gdk-pixbuf 0.3.0 (registry+https://github.com/rust-lang/crates.io-index)",
 "gdk-sys 0.5.0 (registry+https://github.com/rust-lang/crates.io-index)",
 "gio 0.3.0 (registry+https://github.com/rust-lang/crates.io-index)",
 "glib 0.4.1 (registry+https://github.com/rust-lang/crates.io-index)",
 "glib-sys 0.5.0 (registry+https://github.com/rust-lang/crates.io-index)",
 "gobject-sys 0.5.0 (registry+https://github.com/rust-lang/crates.io-index)",
 "libc 0.2.33 (registry+https://github.com/rust-lang/crates.io-index)",
 "pango 0.3.0 (registry+https://github.com/rust-lang/crates.io-index)",
]

[[package]]
name = "gdk-pixbuf"
version = "0.3.0"
source = "registry+https://github.com/rust-lang/crates.io-index"
dependencies = [
 "gdk-pixbuf-sys 0.5.0 (registry+https://github.com/rust-lang/crates.io-index)",
 "glib 0.4.1 (registry+https://github.com/rust-lang/crates.io-index)",
 "glib-sys 0.5.0 (registry+https://github.com/rust-lang/crates.io-index)",
 "gobject-sys 0.5.0 (registry+https://github.com/rust-lang/crates.io-index)",
 "libc 0.2.33 (registry+https://github.com/rust-lang/crates.io-index)",
]

[[package]]
name = "gdk-pixbuf-sys"
version = "0.5.0"
source = "registry+https://github.com/rust-lang/crates.io-index"
dependencies = [
 "bitflags 1.0.1 (registry+https://github.com/rust-lang/crates.io-index)",
 "gio-sys 0.5.0 (registry+https://github.com/rust-lang/crates.io-index)",
 "glib-sys 0.5.0 (registry+https://github.com/rust-lang/crates.io-index)",
 "gobject-sys 0.5.0 (registry+https://github.com/rust-lang/crates.io-index)",
 "libc 0.2.33 (registry+https://github.com/rust-lang/crates.io-index)",
 "pkg-config 0.3.9 (registry+https://github.com/rust-lang/crates.io-index)",
]

[[package]]
name = "gdk-sys"
version = "0.5.0"
source = "registry+https://github.com/rust-lang/crates.io-index"
dependencies = [
 "bitflags 1.0.1 (registry+https://github.com/rust-lang/crates.io-index)",
 "cairo-sys-rs 0.5.0 (registry+https://github.com/rust-lang/crates.io-index)",
 "gdk-pixbuf-sys 0.5.0 (registry+https://github.com/rust-lang/crates.io-index)",
 "gio-sys 0.5.0 (registry+https://github.com/rust-lang/crates.io-index)",
 "glib-sys 0.5.0 (registry+https://github.com/rust-lang/crates.io-index)",
 "gobject-sys 0.5.0 (registry+https://github.com/rust-lang/crates.io-index)",
 "libc 0.2.33 (registry+https://github.com/rust-lang/crates.io-index)",
 "pango-sys 0.5.0 (registry+https://github.com/rust-lang/crates.io-index)",
 "pkg-config 0.3.9 (registry+https://github.com/rust-lang/crates.io-index)",
]

[[package]]
name = "gio"
version = "0.3.0"
source = "registry+https://github.com/rust-lang/crates.io-index"
dependencies = [
 "bitflags 1.0.1 (registry+https://github.com/rust-lang/crates.io-index)",
 "gio-sys 0.5.0 (registry+https://github.com/rust-lang/crates.io-index)",
 "glib 0.4.1 (registry+https://github.com/rust-lang/crates.io-index)",
 "glib-sys 0.5.0 (registry+https://github.com/rust-lang/crates.io-index)",
 "gobject-sys 0.5.0 (registry+https://github.com/rust-lang/crates.io-index)",
 "libc 0.2.33 (registry+https://github.com/rust-lang/crates.io-index)",
]

[[package]]
name = "gio-sys"
version = "0.5.0"
source = "registry+https://github.com/rust-lang/crates.io-index"
dependencies = [
 "bitflags 1.0.1 (registry+https://github.com/rust-lang/crates.io-index)",
 "glib-sys 0.5.0 (registry+https://github.com/rust-lang/crates.io-index)",
 "gobject-sys 0.5.0 (registry+https://github.com/rust-lang/crates.io-index)",
 "libc 0.2.33 (registry+https://github.com/rust-lang/crates.io-index)",
 "pkg-config 0.3.9 (registry+https://github.com/rust-lang/crates.io-index)",
]

[[package]]
name = "glib"
version = "0.4.1"
source = "registry+https://github.com/rust-lang/crates.io-index"
dependencies = [
 "bitflags 1.0.1 (registry+https://github.com/rust-lang/crates.io-index)",
 "glib-sys 0.5.0 (registry+https://github.com/rust-lang/crates.io-index)",
 "gobject-sys 0.5.0 (registry+https://github.com/rust-lang/crates.io-index)",
 "lazy_static 1.0.0 (registry+https://github.com/rust-lang/crates.io-index)",
 "libc 0.2.33 (registry+https://github.com/rust-lang/crates.io-index)",
]

[[package]]
name = "glib-sys"
version = "0.5.0"
source = "registry+https://github.com/rust-lang/crates.io-index"
dependencies = [
 "bitflags 1.0.1 (registry+https://github.com/rust-lang/crates.io-index)",
 "libc 0.2.33 (registry+https://github.com/rust-lang/crates.io-index)",
 "pkg-config 0.3.9 (registry+https://github.com/rust-lang/crates.io-index)",
]

[[package]]
name = "gobject-sys"
version = "0.5.0"
source = "registry+https://github.com/rust-lang/crates.io-index"
dependencies = [
 "bitflags 1.0.1 (registry+https://github.com/rust-lang/crates.io-index)",
 "glib-sys 0.5.0 (registry+https://github.com/rust-lang/crates.io-index)",
 "libc 0.2.33 (registry+https://github.com/rust-lang/crates.io-index)",
 "pkg-config 0.3.9 (registry+https://github.com/rust-lang/crates.io-index)",
]

[[package]]
name = "gtk"
version = "0.3.0"
source = "registry+https://github.com/rust-lang/crates.io-index"
dependencies = [
 "bitflags 1.0.1 (registry+https://github.com/rust-lang/crates.io-index)",
 "cairo-rs 0.3.0 (registry+https://github.com/rust-lang/crates.io-index)",
 "cairo-sys-rs 0.5.0 (registry+https://github.com/rust-lang/crates.io-index)",
 "gdk 0.7.0 (registry+https://github.com/rust-lang/crates.io-index)",
 "gdk-pixbuf 0.3.0 (registry+https://github.com/rust-lang/crates.io-index)",
 "gdk-pixbuf-sys 0.5.0 (registry+https://github.com/rust-lang/crates.io-index)",
 "gdk-sys 0.5.0 (registry+https://github.com/rust-lang/crates.io-index)",
 "gio 0.3.0 (registry+https://github.com/rust-lang/crates.io-index)",
 "gio-sys 0.5.0 (registry+https://github.com/rust-lang/crates.io-index)",
 "glib 0.4.1 (registry+https://github.com/rust-lang/crates.io-index)",
 "glib-sys 0.5.0 (registry+https://github.com/rust-lang/crates.io-index)",
 "gobject-sys 0.5.0 (registry+https://github.com/rust-lang/crates.io-index)",
 "gtk-sys 0.5.0 (registry+https://github.com/rust-lang/crates.io-index)",
 "libc 0.2.33 (registry+https://github.com/rust-lang/crates.io-index)",
 "pango 0.3.0 (registry+https://github.com/rust-lang/crates.io-index)",
]

[[package]]
name = "gtk-sys"
version = "0.5.0"
source = "registry+https://github.com/rust-lang/crates.io-index"
dependencies = [
 "atk-sys 0.5.0 (registry+https://github.com/rust-lang/crates.io-index)",
 "bitflags 1.0.1 (registry+https://github.com/rust-lang/crates.io-index)",
 "cairo-sys-rs 0.5.0 (registry+https://github.com/rust-lang/crates.io-index)",
 "gdk-pixbuf-sys 0.5.0 (registry+https://github.com/rust-lang/crates.io-index)",
 "gdk-sys 0.5.0 (registry+https://github.com/rust-lang/crates.io-index)",
 "gio-sys 0.5.0 (registry+https://github.com/rust-lang/crates.io-index)",
 "glib-sys 0.5.0 (registry+https://github.com/rust-lang/crates.io-index)",
 "gobject-sys 0.5.0 (registry+https://github.com/rust-lang/crates.io-index)",
 "libc 0.2.33 (registry+https://github.com/rust-lang/crates.io-index)",
 "pango-sys 0.5.0 (registry+https://github.com/rust-lang/crates.io-index)",
 "pkg-config 0.3.9 (registry+https://github.com/rust-lang/crates.io-index)",
]

[[package]]
name = "kernel32-sys"
version = "0.2.2"
source = "registry+https://github.com/rust-lang/crates.io-index"
dependencies = [
 "winapi 0.2.8 (registry+https://github.com/rust-lang/crates.io-index)",
 "winapi-build 0.1.1 (registry+https://github.com/rust-lang/crates.io-index)",
]

[[package]]
name = "lazy_static"
version = "1.0.0"
source = "registry+https://github.com/rust-lang/crates.io-index"

[[package]]
name = "libc"
version = "0.2.33"
source = "registry+https://github.com/rust-lang/crates.io-index"

[[package]]
name = "muff"
version = "0.1.5"
dependencies = [
 "failure 0.1.1 (registry+https://github.com/rust-lang/crates.io-index)",
 "failure_derive 0.1.1 (registry+https://github.com/rust-lang/crates.io-index)",
 "libc 0.2.33 (registry+https://github.com/rust-lang/crates.io-index)",
]

[[package]]
name = "muff_cli"
version = "0.1.5"
dependencies = [
 "clap 2.27.1 (registry+https://github.com/rust-lang/crates.io-index)",
 "failure 0.1.1 (registry+https://github.com/rust-lang/crates.io-index)",
 "failure_derive 0.1.1 (registry+https://github.com/rust-lang/crates.io-index)",
 "libc 0.2.33 (registry+https://github.com/rust-lang/crates.io-index)",
 "muff 0.1.5",
 "pbr 1.0.0 (registry+https://github.com/rust-lang/crates.io-index)",
]

[[package]]
name = "muff_gtk"
version = "0.1.5"
dependencies = [
 "failure 0.1.1 (registry+https://github.com/rust-lang/crates.io-index)",
 "failure_derive 0.1.1 (registry+https://github.com/rust-lang/crates.io-index)",
 "gdk 0.7.0 (registry+https://github.com/rust-lang/crates.io-index)",
 "gtk 0.3.0 (registry+https://github.com/rust-lang/crates.io-index)",
 "libc 0.2.33 (registry+https://github.com/rust-lang/crates.io-index)",
 "muff 0.1.5",
 "pango 0.3.0 (registry+https://github.com/rust-lang/crates.io-index)",
]

[[package]]
name = "pango"
version = "0.3.0"
source = "registry+https://github.com/rust-lang/crates.io-index"
dependencies = [
 "bitflags 1.0.1 (registry+https://github.com/rust-lang/crates.io-index)",
 "glib 0.4.1 (registry+https://github.com/rust-lang/crates.io-index)",
 "glib-sys 0.5.0 (registry+https://github.com/rust-lang/crates.io-index)",
 "gobject-sys 0.5.0 (registry+https://github.com/rust-lang/crates.io-index)",
 "libc 0.2.33 (registry+https://github.com/rust-lang/crates.io-index)",
 "pango-sys 0.5.0 (registry+https://github.com/rust-lang/crates.io-index)",
]

[[package]]
name = "pango-sys"
version = "0.5.0"
source = "registry+https://github.com/rust-lang/crates.io-index"
dependencies = [
 "bitflags 1.0.1 (registry+https://github.com/rust-lang/crates.io-index)",
 "glib-sys 0.5.0 (registry+https://github.com/rust-lang/crates.io-index)",
 "gobject-sys 0.5.0 (registry+https://github.com/rust-lang/crates.io-index)",
 "libc 0.2.33 (registry+https://github.com/rust-lang/crates.io-index)",
 "pkg-config 0.3.9 (registry+https://github.com/rust-lang/crates.io-index)",
]

[[package]]
name = "pbr"
version = "1.0.0"
source = "registry+https://github.com/rust-lang/crates.io-index"
dependencies = [
 "kernel32-sys 0.2.2 (registry+https://github.com/rust-lang/crates.io-index)",
 "libc 0.2.33 (registry+https://github.com/rust-lang/crates.io-index)",
 "time 0.1.38 (registry+https://github.com/rust-lang/crates.io-index)",
 "winapi 0.2.8 (registry+https://github.com/rust-lang/crates.io-index)",
]

[[package]]
name = "pkg-config"
version = "0.3.9"
source = "registry+https://github.com/rust-lang/crates.io-index"

[[package]]
name = "quote"
version = "0.3.15"
source = "registry+https://github.com/rust-lang/crates.io-index"

[[package]]
name = "redox_syscall"
version = "0.1.31"
source = "registry+https://github.com/rust-lang/crates.io-index"

[[package]]
name = "redox_termios"
version = "0.1.1"
source = "registry+https://github.com/rust-lang/crates.io-index"
dependencies = [
 "redox_syscall 0.1.31 (registry+https://github.com/rust-lang/crates.io-index)",
]

[[package]]
name = "rustc-demangle"
version = "0.1.7"
source = "registry+https://github.com/rust-lang/crates.io-index"

[[package]]
name = "strsim"
version = "0.6.0"
source = "registry+https://github.com/rust-lang/crates.io-index"

[[package]]
name = "syn"
version = "0.11.11"
source = "registry+https://github.com/rust-lang/crates.io-index"
dependencies = [
 "quote 0.3.15 (registry+https://github.com/rust-lang/crates.io-index)",
 "synom 0.11.3 (registry+https://github.com/rust-lang/crates.io-index)",
 "unicode-xid 0.0.4 (registry+https://github.com/rust-lang/crates.io-index)",
]

[[package]]
name = "synom"
version = "0.11.3"
source = "registry+https://github.com/rust-lang/crates.io-index"
dependencies = [
 "unicode-xid 0.0.4 (registry+https://github.com/rust-lang/crates.io-index)",
]

[[package]]
name = "synstructure"
version = "0.6.1"
source = "registry+https://github.com/rust-lang/crates.io-index"
dependencies = [
 "quote 0.3.15 (registry+https://github.com/rust-lang/crates.io-index)",
 "syn 0.11.11 (registry+https://github.com/rust-lang/crates.io-index)",
]

[[package]]
name = "termion"
version = "1.5.1"
source = "registry+https://github.com/rust-lang/crates.io-index"
dependencies = [
 "libc 0.2.33 (registry+https://github.com/rust-lang/crates.io-index)",
 "redox_syscall 0.1.31 (registry+https://github.com/rust-lang/crates.io-index)",
 "redox_termios 0.1.1 (registry+https://github.com/rust-lang/crates.io-index)",
]

[[package]]
name = "textwrap"
version = "0.9.0"
source = "registry+https://github.com/rust-lang/crates.io-index"
dependencies = [
 "unicode-width 0.1.4 (registry+https://github.com/rust-lang/crates.io-index)",
]

[[package]]
name = "time"
version = "0.1.38"
source = "registry+https://github.com/rust-lang/crates.io-index"
dependencies = [
 "kernel32-sys 0.2.2 (registry+https://github.com/rust-lang/crates.io-index)",
 "libc 0.2.33 (registry+https://github.com/rust-lang/crates.io-index)",
 "redox_syscall 0.1.31 (registry+https://github.com/rust-lang/crates.io-index)",
 "winapi 0.2.8 (registry+https://github.com/rust-lang/crates.io-index)",
]

[[package]]
name = "unicode-width"
version = "0.1.4"
source = "registry+https://github.com/rust-lang/crates.io-index"

[[package]]
name = "unicode-xid"
version = "0.0.4"
source = "registry+https://github.com/rust-lang/crates.io-index"

[[package]]
name = "vec_map"
version = "0.8.0"
source = "registry+https://github.com/rust-lang/crates.io-index"

[[package]]
name = "winapi"
version = "0.2.8"
source = "registry+https://github.com/rust-lang/crates.io-index"

[[package]]
name = "winapi"
version = "0.3.4"
source = "registry+https://github.com/rust-lang/crates.io-index"
dependencies = [
 "winapi-i686-pc-windows-gnu 0.4.0 (registry+https://github.com/rust-lang/crates.io-index)",
 "winapi-x86_64-pc-windows-gnu 0.4.0 (registry+https://github.com/rust-lang/crates.io-index)",
]

[[package]]
name = "winapi-build"
version = "0.1.1"
source = "registry+https://github.com/rust-lang/crates.io-index"

[[package]]
name = "winapi-i686-pc-windows-gnu"
version = "0.4.0"
source = "registry+https://github.com/rust-lang/crates.io-index"

[[package]]
name = "winapi-x86_64-pc-windows-gnu"
version = "0.4.0"
source = "registry+https://github.com/rust-lang/crates.io-index"

[metadata]
"checksum ansi_term 0.9.0 (registry+https://github.com/rust-lang/crates.io-index)" = "23ac7c30002a5accbf7e8987d0632fa6de155b7c3d39d0067317a391e00a2ef6"
"checksum atk-sys 0.5.0 (registry+https://github.com/rust-lang/crates.io-index)" = "33a67fd81e1922dddc335887516f2f5254534e89c9d39fa89bca5d79bd150d34"
"checksum atty 0.2.3 (registry+https://github.com/rust-lang/crates.io-index)" = "21e50800ec991574876040fff8ee46b136a53e985286fbe6a3bdfe6421b78860"
"checksum backtrace 0.3.5 (registry+https://github.com/rust-lang/crates.io-index)" = "ebbbf59b1c43eefa8c3ede390fcc36820b4999f7914104015be25025e0d62af2"
"checksum backtrace-sys 0.1.16 (registry+https://github.com/rust-lang/crates.io-index)" = "44585761d6161b0f57afc49482ab6bd067e4edef48c12a152c237eb0203f7661"
"checksum bitflags 0.9.1 (registry+https://github.com/rust-lang/crates.io-index)" = "4efd02e230a02e18f92fc2735f44597385ed02ad8f831e7c1c1156ee5e1ab3a5"
"checksum bitflags 1.0.1 (registry+https://github.com/rust-lang/crates.io-index)" = "b3c30d3802dfb7281680d6285f2ccdaa8c2d8fee41f93805dba5c4cf50dc23cf"
"checksum c_vec 1.2.1 (registry+https://github.com/rust-lang/crates.io-index)" = "6237ac5a4b1e81c213c24c6437964c61e646df910a914b4ab1487b46df20bd13"
"checksum cairo-rs 0.3.0 (registry+https://github.com/rust-lang/crates.io-index)" = "b6b5695f59fd036fe5741bc5a4eb20c78fbe42256e3b08a2af26bbcbe8070bf3"
"checksum cairo-sys-rs 0.5.0 (registry+https://github.com/rust-lang/crates.io-index)" = "7c6e18fecaeac51809db57f45f4553cc0975225a7eb435a7a7e91e5e8113a84d"
"checksum cc 1.0.5 (registry+https://github.com/rust-lang/crates.io-index)" = "9be26b24e988625409b19736d130f0c7d224f01d06454b5f81d8d23d6c1a618f"
"checksum cfg-if 0.1.2 (registry+https://github.com/rust-lang/crates.io-index)" = "d4c819a1287eb618df47cc647173c5c4c66ba19d888a6e50d605672aed3140de"
"checksum clap 2.27.1 (registry+https://github.com/rust-lang/crates.io-index)" = "1b8c532887f1a292d17de05ae858a8fe50a301e196f9ef0ddb7ccd0d1d00f180"
"checksum failure 0.1.1 (registry+https://github.com/rust-lang/crates.io-index)" = "934799b6c1de475a012a02dab0ace1ace43789ee4b99bcfbf1a2e3e8ced5de82"
"checksum failure_derive 0.1.1 (registry+https://github.com/rust-lang/crates.io-index)" = "c7cdda555bb90c9bb67a3b670a0f42de8e73f5981524123ad8578aafec8ddb8b"
"checksum gdk 0.7.0 (registry+https://github.com/rust-lang/crates.io-index)" = "a1e51db95be6565011bcd5cd99f9b17fdd585001057a999b21e09f1e8c28deb9"
"checksum gdk-pixbuf 0.3.0 (registry+https://github.com/rust-lang/crates.io-index)" = "16160d212ae91abe9f3324c3fb233929ba322dde63585d15cda3336f8c529ed1"
"checksum gdk-pixbuf-sys 0.5.0 (registry+https://github.com/rust-lang/crates.io-index)" = "798f97101eea8180da363d0e80e07ec7ec6d1809306601c0100c1de5bc8b4f52"
"checksum gdk-sys 0.5.0 (registry+https://github.com/rust-lang/crates.io-index)" = "d4ee916f5f25c5f4b21bd9dcb12a216ae697406940ff9476358c308a8ececada"
"checksum gio 0.3.0 (registry+https://github.com/rust-lang/crates.io-index)" = "84ba5a2beb559059a0c9c2bd3681743cdede8d9a36c775840bca800333b22867"
"checksum gio-sys 0.5.0 (registry+https://github.com/rust-lang/crates.io-index)" = "a303bbf7a5e75ab3b627117ff10e495d1b9e97e1d68966285ac2b1f6270091bc"
"checksum glib 0.4.1 (registry+https://github.com/rust-lang/crates.io-index)" = "b9b0452824cc63066940f01adc721804919f0b76cdba3cfab977b00b87f16d4a"
"checksum glib-sys 0.5.0 (registry+https://github.com/rust-lang/crates.io-index)" = "d9693049613ff52b93013cc3d2590366d8e530366d288438724b73f6c7dc4be8"
"checksum gobject-sys 0.5.0 (registry+https://github.com/rust-lang/crates.io-index)" = "60d507c87a71b1143c66ed21a969be9b99a76df234b342d733e787e6c9c7d7c2"
"checksum gtk 0.3.0 (registry+https://github.com/rust-lang/crates.io-index)" = "0847c507e52c1feaede13ef56fb4847742438602655449d5f1f782e8633f146f"
"checksum gtk-sys 0.5.0 (registry+https://github.com/rust-lang/crates.io-index)" = "905fcfbaaad1b44ec0b4bba9e4d527d728284c62bc2ba41fccedace2b096766f"
"checksum kernel32-sys 0.2.2 (registry+https://github.com/rust-lang/crates.io-index)" = "7507624b29483431c0ba2d82aece8ca6cdba9382bff4ddd0f7490560c056098d"
"checksum lazy_static 1.0.0 (registry+https://github.com/rust-lang/crates.io-index)" = "c8f31047daa365f19be14b47c29df4f7c3b581832407daabe6ae77397619237d"
"checksum libc 0.2.33 (registry+https://github.com/rust-lang/crates.io-index)" = "5ba3df4dcb460b9dfbd070d41c94c19209620c191b0340b929ce748a2bcd42d2"
"checksum pango 0.3.0 (registry+https://github.com/rust-lang/crates.io-index)" = "3e81c404ab81ea7ea2fc2431a0a7672507b80e4b8bf4b41eac3fc83cc665104e"
"checksum pango-sys 0.5.0 (registry+https://github.com/rust-lang/crates.io-index)" = "34f34a1be107fe16abb2744e0e206bee4b3b07460b5fddd3009a6aaf60bd69ab"
"checksum pbr 1.0.0 (registry+https://github.com/rust-lang/crates.io-index)" = "e048e3afebb6c454bb1c5d0fe73fda54698b4715d78ed8e7302447c37736d23a"
"checksum pkg-config 0.3.9 (registry+https://github.com/rust-lang/crates.io-index)" = "3a8b4c6b8165cd1a1cd4b9b120978131389f64bdaf456435caa41e630edba903"
"checksum quote 0.3.15 (registry+https://github.com/rust-lang/crates.io-index)" = "7a6e920b65c65f10b2ae65c831a81a073a89edd28c7cce89475bff467ab4167a"
"checksum redox_syscall 0.1.31 (registry+https://github.com/rust-lang/crates.io-index)" = "8dde11f18c108289bef24469638a04dce49da56084f2d50618b226e47eb04509"
"checksum redox_termios 0.1.1 (registry+https://github.com/rust-lang/crates.io-index)" = "7e891cfe48e9100a70a3b6eb652fef28920c117d366339687bd5576160db0f76"
"checksum rustc-demangle 0.1.7 (registry+https://github.com/rust-lang/crates.io-index)" = "11fb43a206a04116ffd7cfcf9bcb941f8eb6cc7ff667272246b0a1c74259a3cb"
"checksum strsim 0.6.0 (registry+https://github.com/rust-lang/crates.io-index)" = "b4d15c810519a91cf877e7e36e63fe068815c678181439f2f29e2562147c3694"
"checksum syn 0.11.11 (registry+https://github.com/rust-lang/crates.io-index)" = "d3b891b9015c88c576343b9b3e41c2c11a51c219ef067b264bd9c8aa9b441dad"
"checksum synom 0.11.3 (registry+https://github.com/rust-lang/crates.io-index)" = "a393066ed9010ebaed60b9eafa373d4b1baac186dd7e008555b0f702b51945b6"
"checksum synstructure 0.6.1 (registry+https://github.com/rust-lang/crates.io-index)" = "3a761d12e6d8dcb4dcf952a7a89b475e3a9d69e4a69307e01a470977642914bd"
"checksum termion 1.5.1 (registry+https://github.com/rust-lang/crates.io-index)" = "689a3bdfaab439fd92bc87df5c4c78417d3cbe537487274e9b0b2dce76e92096"
"checksum textwrap 0.9.0 (registry+https://github.com/rust-lang/crates.io-index)" = "c0b59b6b4b44d867f1370ef1bd91bfb262bf07bf0ae65c202ea2fbc16153b693"
"checksum time 0.1.38 (registry+https://github.com/rust-lang/crates.io-index)" = "d5d788d3aa77bc0ef3e9621256885555368b47bd495c13dd2e7413c89f845520"
"checksum unicode-width 0.1.4 (registry+https://github.com/rust-lang/crates.io-index)" = "bf3a113775714a22dcb774d8ea3655c53a32debae63a063acc00a91cc586245f"
"checksum unicode-xid 0.0.4 (registry+https://github.com/rust-lang/crates.io-index)" = "8c1f860d7d29cf02cb2f3f359fd35991af3d30bac52c57d265a3c461074cb4dc"
"checksum vec_map 0.8.0 (registry+https://github.com/rust-lang/crates.io-index)" = "887b5b631c2ad01628bbbaa7dd4c869f80d3186688f8d0b6f58774fbe324988c"
"checksum winapi 0.2.8 (registry+https://github.com/rust-lang/crates.io-index)" = "167dc9d6949a9b857f3451275e911c3f44255842c1f7a76f33c55103a909087a"
"checksum winapi 0.3.4 (registry+https://github.com/rust-lang/crates.io-index)" = "04e3bd221fcbe8a271359c04f21a76db7d0c6028862d1bb5512d85e1e2eb5bb3"
"checksum winapi-build 0.1.1 (registry+https://github.com/rust-lang/crates.io-index)" = "2d315eee3b34aca4797b2da6b13ed88266e6d612562a0c46390af8299fc699bc"
"checksum winapi-i686-pc-windows-gnu 0.4.0 (registry+https://github.com/rust-lang/crates.io-index)" = "ac3b87c63620426dd9b991e5ce0329eff545bccbbb34f3be09ff6fb6ab51b7b6"
"checksum winapi-x86_64-pc-windows-gnu 0.4.0 (registry+https://github.com/rust-lang/crates.io-index)" = "712e227841d057c1ee1cd2fb22fa7e5a5461ae8e48fa2ca79ec42cfc1931183f"
